
Microsoft Visual Studio Solution File, Format Version 12.00
# Visual Studio Version 17
VisualStudioVersion = 17.11.35312.102
MinimumVisualStudioVersion = 10.0.40219.1
Project("{FAE04EC0-301F-11D3-BF4B-00C04F79EFBC}") = "KT0720_64134567", "KT0720_64134567\KT0720_64134567.csproj", "{A3582FEB-8022-4E11-B68D-FFCB0197C155}"
EndProject
Global
	GlobalSection(SolutionConfigurationPlatforms) = preSolution
		Debug|Any CPU = Debug|Any CPU
		Release|Any CPU = Release|Any CPU
	EndGlobalSection
	GlobalSection(ProjectConfigurationPlatforms) = postSolution
		{A3582FEB-8022-4E11-B68D-FFCB0197C155}.Debug|Any CPU.ActiveCfg = Debug|Any CPU
		{A3582FEB-8022-4E11-B68D-FFCB0197C155}.Debug|Any CPU.Build.0 = Debug|Any CPU
		{A3582FEB-8022-4E11-B68D-FFCB0197C155}.Release|Any CPU.ActiveCfg = Release|Any CPU
		{A3582FEB-8022-4E11-B68D-FFCB0197C155}.Release|Any CPU.Build.0 = Release|Any CPU
	EndGlobalSection
	GlobalSection(SolutionProperties) = preSolution
		HideSolutionNode = FALSE
	EndGlobalSection
	GlobalSection(ExtensibilityGlobals) = postSolution
		SolutionGuid = {1E3F4674-BE57-4389-B710-875C14720E67}
	EndGlobalSection
EndGlobal
