
Microsoft Visual Studio Solution File, Format Version 12.00
# Visual Studio Version 17
VisualStudioVersion = 17.9.34622.214
MinimumVisualStudioVersion = 10.0.40219.1
Project("{FAE04EC0-301F-11D3-BF4B-00C04F79EFBC}") = "Bai1", "Bai1\Bai1.csproj", "{CC6EA57D-A49D-4AE2-8B31-B5BAE0D78422}"
EndProject
Global
	GlobalSection(SolutionConfigurationPlatforms) = preSolution
		Debug|Any CPU = Debug|Any CPU
		Release|Any CPU = Release|Any CPU
	EndGlobalSection
	GlobalSection(ProjectConfigurationPlatforms) = postSolution
		{CC6EA57D-A49D-4AE2-8B31-B5BAE0D78422}.Debug|Any CPU.ActiveCfg = Debug|Any CPU
		{CC6EA57D-A49D-4AE2-8B31-B5BAE0D78422}.Debug|Any CPU.Build.0 = Debug|Any CPU
		{CC6EA57D-A49D-4AE2-8B31-B5BAE0D78422}.Release|Any CPU.ActiveCfg = Release|Any CPU
		{CC6EA57D-A49D-4AE2-8B31-B5BAE0D78422}.Release|Any CPU.Build.0 = Release|Any CPU
	EndGlobalSection
	GlobalSection(SolutionProperties) = preSolution
		HideSolutionNode = FALSE
	EndGlobalSection
	GlobalSection(ExtensibilityGlobals) = postSolution
		SolutionGuid = {C114DDA3-700B-4817-8205-0AC20BF5CDEA}
	EndGlobalSection
EndGlobal
